// !$*UTF8*$!
{
	archiveVersion = 1;
	classes = {
	};
	objectVersion = 56;
	objects = {

/* Begin PBXBuildFile section */
		0545F1B82D03C1EB00713E02 /* Smiley.png in Resources */ = {isa = PBXBuildFile; fileRef = 0545F1B12D03C1EA00713E02 /* Smiley.png */; };
		0545F1B92D03C1EB00713E02 /* Forward.png in Resources */ = {isa = PBXBuildFile; fileRef = 0545F1B22D03C1EA00713E02 /* Forward.png */; };
		0545F1BA2D03C1EB00713E02 /* drillDiffuse.png in Resources */ = {isa = PBXBuildFile; fileRef = 0545F1B32D03C1EA00713E02 /* drillDiffuse.png */; };
		0545F1BB2D03C1EB00713E02 /* Mining.png in Resources */ = {isa = PBXBuildFile; fileRef = 0545F1B42D03C1EA00713E02 /* Mining.png */; };
		0545F1BC2D03C1EB00713E02 /* wheelMetal.png in Resources */ = {isa = PBXBuildFile; fileRef = 0545F1B52D03C1EA00713E02 /* wheelMetal.png */; };
		0545F1BD2D03C1EB00713E02 /* wheelDiffuse.png in Resources */ = {isa = PBXBuildFile; fileRef = 0545F1B62D03C1EA00713E02 /* wheelDiffuse.png */; };
		0545F1BE2D03C1EB00713E02 /* drillRough.png in Resources */ = {isa = PBXBuildFile; fileRef = 0545F1B72D03C1EB00713E02 /* drillRough.png */; };
		0545F1D72D04F33600713E02 /* robotMove.dae in Resources */ = {isa = PBXBuildFile; fileRef = 0545F1D62D04F33600713E02 /* robotMove.dae */; };
		0545F1D92D04F46000713E02 /* robot.dae in Resources */ = {isa = PBXBuildFile; fileRef = 0545F1D82D04F46000713E02 /* robot.dae */; };
		0545F1DB2D04F66900713E02 /* robotIdle.dae in Resources */ = {isa = PBXBuildFile; fileRef = 0545F1DA2D04F66900713E02 /* robotIdle.dae */; };
		0545F1DD2D04F8A300713E02 /* robotDrill.dae in Resources */ = {isa = PBXBuildFile; fileRef = 0545F1DC2D04F8A300713E02 /* robotDrill.dae */; };
		054E6B8B2D090A04006C0491 /* gameData.txt in Resources */ = {isa = PBXBuildFile; fileRef = 054E6B8A2D090A04006C0491 /* gameData.txt */; };
		056A2B8F2D003123003DD649 /* grass.png in Resources */ = {isa = PBXBuildFile; fileRef = 056A2B8E2D003123003DD649 /* grass.png */; };
		056A2B912D003195003DD649 /* grass.dae in Resources */ = {isa = PBXBuildFile; fileRef = 056A2B902D003195003DD649 /* grass.dae */; };
		056A2B932D0031CF003DD649 /* water.dae in Resources */ = {isa = PBXBuildFile; fileRef = 056A2B922D0031CF003DD649 /* water.dae */; };
		056A2B952D00DCC0003DD649 /* levelClass.swift in Sources */ = {isa = PBXBuildFile; fileRef = 056A2B942D00DCC0003DD649 /* levelClass.swift */; };
		056A2B982D00DD26003DD649 /* gameProtocols.swift in Sources */ = {isa = PBXBuildFile; fileRef = 056A2B972D00DD26003DD649 /* gameProtocols.swift */; };
		056A2B9A2D00DD37003DD649 /* gameClasses.swift in Sources */ = {isa = PBXBuildFile; fileRef = 056A2B992D00DD37003DD649 /* gameClasses.swift */; };
		056A2B9D2D00E3F4003DD649 /* SCNVector3Extensions.swift in Sources */ = {isa = PBXBuildFile; fileRef = 056A2B9C2D00E3F4003DD649 /* SCNVector3Extensions.swift */; };
		056A2BA02D00E9C7003DD649 /* darkWaterBig.png in Resources */ = {isa = PBXBuildFile; fileRef = 056A2B9E2D00E9C7003DD649 /* darkWaterBig.png */; };
		056A2BA12D00E9C7003DD649 /* seamlessNoiseBig.png in Resources */ = {isa = PBXBuildFile; fileRef = 056A2B9F2D00E9C7003DD649 /* seamlessNoiseBig.png */; };
		056A2BA92D012A0B003DD649 /* rockDirt.png in Resources */ = {isa = PBXBuildFile; fileRef = 056A2BA82D012A0A003DD649 /* rockDirt.png */; };
		056A2BAB2D012A11003DD649 /* tree.dae in Resources */ = {isa = PBXBuildFile; fileRef = 056A2BAA2D012A11003DD649 /* tree.dae */; };
		056A2BAD2D012A16003DD649 /* tree.png in Resources */ = {isa = PBXBuildFile; fileRef = 056A2BAC2D012A16003DD649 /* tree.png */; };
		056A2BAF2D013C05003DD649 /* rock.dae in Resources */ = {isa = PBXBuildFile; fileRef = 056A2BAE2D013C05003DD649 /* rock.dae */; };
		05CB98D12CE815F500EF1872 /* AppDelegate.swift in Sources */ = {isa = PBXBuildFile; fileRef = 05CB98D02CE815F500EF1872 /* AppDelegate.swift */; };
		05CB98D32CE815F500EF1872 /* SceneDelegate.swift in Sources */ = {isa = PBXBuildFile; fileRef = 05CB98D22CE815F500EF1872 /* SceneDelegate.swift */; };
		05CB98D82CE815F500EF1872 /* Base in Resources */ = {isa = PBXBuildFile; fileRef = 05CB98D72CE815F500EF1872 /* Base */; };
		05CB98DA2CE815F600EF1872 /* Assets.xcassets in Resources */ = {isa = PBXBuildFile; fileRef = 05CB98D92CE815F600EF1872 /* Assets.xcassets */; };
		05CB98DD2CE815F600EF1872 /* Base in Resources */ = {isa = PBXBuildFile; fileRef = 05CB98DC2CE815F600EF1872 /* Base */; };
		05FFE05B2CE81CB000DDAF65 /* GameViewController.swift in Sources */ = {isa = PBXBuildFile; fileRef = 05FFE05A2CE81CB000DDAF65 /* GameViewController.swift */; };
		05FFE0652CED7EBC00DDAF65 /* stars.png in Resources */ = {isa = PBXBuildFile; fileRef = 05FFE0642CED7EBC00DDAF65 /* stars.png */; };
		05FFE0692CED861100DDAF65 /* stars.dae in Resources */ = {isa = PBXBuildFile; fileRef = 05FFE0682CED861100DDAF65 /* stars.dae */; };
/* End PBXBuildFile section */

/* Begin PBXFileReference section */
		0545F1B12D03C1EA00713E02 /* Smiley.png */ = {isa = PBXFileReference; lastKnownFileType = image.png; path = Smiley.png; sourceTree = "<group>"; };
		0545F1B22D03C1EA00713E02 /* Forward.png */ = {isa = PBXFileReference; lastKnownFileType = image.png; path = Forward.png; sourceTree = "<group>"; };
		0545F1B32D03C1EA00713E02 /* drillDiffuse.png */ = {isa = PBXFileReference; lastKnownFileType = image.png; path = drillDiffuse.png; sourceTree = "<group>"; };
		0545F1B42D03C1EA00713E02 /* Mining.png */ = {isa = PBXFileReference; lastKnownFileType = image.png; path = Mining.png; sourceTree = "<group>"; };
		0545F1B52D03C1EA00713E02 /* wheelMetal.png */ = {isa = PBXFileReference; lastKnownFileType = image.png; path = wheelMetal.png; sourceTree = "<group>"; };
		0545F1B62D03C1EA00713E02 /* wheelDiffuse.png */ = {isa = PBXFileReference; lastKnownFileType = image.png; path = wheelDiffuse.png; sourceTree = "<group>"; };
		0545F1B72D03C1EB00713E02 /* drillRough.png */ = {isa = PBXFileReference; lastKnownFileType = image.png; path = drillRough.png; sourceTree = "<group>"; };
		0545F1D62D04F33600713E02 /* robotMove.dae */ = {isa = PBXFileReference; fileEncoding = 4; lastKnownFileType = text.xml.dae; name = robotMove.dae; path = ../../../../../Desktop/CapstoneVideoGameModels/robot/robotMove.dae; sourceTree = "<group>"; };
		0545F1D82D04F46000713E02 /* robot.dae */ = {isa = PBXFileReference; fileEncoding = 4; lastKnownFileType = text.xml.dae; name = robot.dae; path = ../../../../../Desktop/CapstoneVideoGameModels/robot/robot.dae; sourceTree = "<group>"; };
		0545F1DA2D04F66900713E02 /* robotIdle.dae */ = {isa = PBXFileReference; fileEncoding = 4; lastKnownFileType = text.xml.dae; name = robotIdle.dae; path = ../../../../../Desktop/CapstoneVideoGameModels/robot/robotIdle.dae; sourceTree = "<group>"; };
		0545F1DC2D04F8A300713E02 /* robotDrill.dae */ = {isa = PBXFileReference; fileEncoding = 4; lastKnownFileType = text.xml.dae; name = robotDrill.dae; path = ../../../../../Desktop/CapstoneVideoGameModels/robot/robotDrill.dae; sourceTree = "<group>"; };
		054E6B8A2D090A04006C0491 /* gameData.txt */ = {isa = PBXFileReference; fileEncoding = 4; lastKnownFileType = text; path = gameData.txt; sourceTree = "<group>"; };
		056A2B8E2D003123003DD649 /* grass.png */ = {isa = PBXFileReference; lastKnownFileType = image.png; path = grass.png; sourceTree = "<group>"; };
		056A2B902D003195003DD649 /* grass.dae */ = {isa = PBXFileReference; fileEncoding = 4; lastKnownFileType = text.xml.dae; path = grass.dae; sourceTree = "<group>"; };
		056A2B922D0031CF003DD649 /* water.dae */ = {isa = PBXFileReference; fileEncoding = 4; lastKnownFileType = text.xml.dae; name = water.dae; path = ../../../../../Desktop/CapstoneVideoGameModels/water.dae; sourceTree = "<group>"; };
		056A2B942D00DCC0003DD649 /* levelClass.swift */ = {isa = PBXFileReference; lastKnownFileType = sourcecode.swift; path = levelClass.swift; sourceTree = "<group>"; };
		056A2B972D00DD26003DD649 /* gameProtocols.swift */ = {isa = PBXFileReference; lastKnownFileType = sourcecode.swift; path = gameProtocols.swift; sourceTree = "<group>"; };
		056A2B992D00DD37003DD649 /* gameClasses.swift */ = {isa = PBXFileReference; lastKnownFileType = sourcecode.swift; path = gameClasses.swift; sourceTree = "<group>"; };
		056A2B9C2D00E3F4003DD649 /* SCNVector3Extensions.swift */ = {isa = PBXFileReference; fileEncoding = 4; lastKnownFileType = sourcecode.swift; path = SCNVector3Extensions.swift; sourceTree = "<group>"; };
		056A2B9E2D00E9C7003DD649 /* darkWaterBig.png */ = {isa = PBXFileReference; lastKnownFileType = image.png; path = darkWaterBig.png; sourceTree = "<group>"; };
		056A2B9F2D00E9C7003DD649 /* seamlessNoiseBig.png */ = {isa = PBXFileReference; lastKnownFileType = image.png; path = seamlessNoiseBig.png; sourceTree = "<group>"; };
		056A2BA82D012A0A003DD649 /* rockDirt.png */ = {isa = PBXFileReference; lastKnownFileType = image.png; path = rockDirt.png; sourceTree = "<group>"; };
		056A2BAA2D012A11003DD649 /* tree.dae */ = {isa = PBXFileReference; fileEncoding = 4; lastKnownFileType = text.xml.dae; path = tree.dae; sourceTree = "<group>"; };
		056A2BAC2D012A16003DD649 /* tree.png */ = {isa = PBXFileReference; lastKnownFileType = image.png; path = tree.png; sourceTree = "<group>"; };
		056A2BAE2D013C05003DD649 /* rock.dae */ = {isa = PBXFileReference; fileEncoding = 4; lastKnownFileType = text.xml.dae; path = rock.dae; sourceTree = "<group>"; };
		05CB98CD2CE815F500EF1872 /* HighScore.app */ = {isa = PBXFileReference; explicitFileType = wrapper.application; includeInIndex = 0; path = HighScore.app; sourceTree = BUILT_PRODUCTS_DIR; };
		05CB98D02CE815F500EF1872 /* AppDelegate.swift */ = {isa = PBXFileReference; lastKnownFileType = sourcecode.swift; path = AppDelegate.swift; sourceTree = "<group>"; };
		05CB98D22CE815F500EF1872 /* SceneDelegate.swift */ = {isa = PBXFileReference; lastKnownFileType = sourcecode.swift; path = SceneDelegate.swift; sourceTree = "<group>"; };
		05CB98D72CE815F500EF1872 /* Base */ = {isa = PBXFileReference; lastKnownFileType = file.storyboard; name = Base; path = Base.lproj/Main.storyboard; sourceTree = "<group>"; };
		05CB98D92CE815F600EF1872 /* Assets.xcassets */ = {isa = PBXFileReference; lastKnownFileType = folder.assetcatalog; path = Assets.xcassets; sourceTree = "<group>"; };
		05CB98DC2CE815F600EF1872 /* Base */ = {isa = PBXFileReference; lastKnownFileType = file.storyboard; name = Base; path = Base.lproj/LaunchScreen.storyboard; sourceTree = "<group>"; };
		05CB98DE2CE815F600EF1872 /* Info.plist */ = {isa = PBXFileReference; lastKnownFileType = text.plist.xml; path = Info.plist; sourceTree = "<group>"; };
		05FFE05A2CE81CB000DDAF65 /* GameViewController.swift */ = {isa = PBXFileReference; lastKnownFileType = sourcecode.swift; path = GameViewController.swift; sourceTree = "<group>"; };
		05FFE0642CED7EBC00DDAF65 /* stars.png */ = {isa = PBXFileReference; lastKnownFileType = image.png; path = stars.png; sourceTree = "<group>"; };
		05FFE0682CED861100DDAF65 /* stars.dae */ = {isa = PBXFileReference; fileEncoding = 4; lastKnownFileType = text.xml.dae; path = stars.dae; sourceTree = "<group>"; };
/* End PBXFileReference section */

/* Begin PBXFrameworksBuildPhase section */
		05CB98CA2CE815F500EF1872 /* Frameworks */ = {
			isa = PBXFrameworksBuildPhase;
			buildActionMask = 2147483647;
			files = (
			);
			runOnlyForDeploymentPostprocessing = 0;
		};
/* End PBXFrameworksBuildPhase section */

/* Begin PBXGroup section */
		056A2B962D00DD0A003DD649 /* Game Logic */ = {
			isa = PBXGroup;
			children = (
				056A2B942D00DCC0003DD649 /* levelClass.swift */,
				056A2B992D00DD37003DD649 /* gameClasses.swift */,
				056A2B972D00DD26003DD649 /* gameProtocols.swift */,
			);
			path = "Game Logic";
			sourceTree = "<group>";
		};
		056A2B9B2D00E3C5003DD649 /* 3rdPartyTools */ = {
			isa = PBXGroup;
			children = (
				056A2B9C2D00E3F4003DD649 /* SCNVector3Extensions.swift */,
			);
			path = 3rdPartyTools;
			sourceTree = "<group>";
		};
		05CB98C42CE815F500EF1872 = {
			isa = PBXGroup;
			children = (
				056A2B9B2D00E3C5003DD649 /* 3rdPartyTools */,
				05CB98CF2CE815F500EF1872 /* HighScore */,
				05CB98CE2CE815F500EF1872 /* Products */,
			);
			sourceTree = "<group>";
		};
		05CB98CE2CE815F500EF1872 /* Products */ = {
			isa = PBXGroup;
			children = (
				05CB98CD2CE815F500EF1872 /* HighScore.app */,
			);
			name = Products;
			sourceTree = "<group>";
		};
		05CB98CF2CE815F500EF1872 /* HighScore */ = {
			isa = PBXGroup;
			children = (
				056A2B962D00DD0A003DD649 /* Game Logic */,
				05FFE0632CED7EB300DDAF65 /* Textures */,
				05FFE05C2CED582800DDAF65 /* Models */,
				05CB98D02CE815F500EF1872 /* AppDelegate.swift */,
				05CB98D22CE815F500EF1872 /* SceneDelegate.swift */,
				05FFE05A2CE81CB000DDAF65 /* GameViewController.swift */,
				05CB98D62CE815F500EF1872 /* Main.storyboard */,
				05CB98DB2CE815F600EF1872 /* LaunchScreen.storyboard */,
				05CB98D92CE815F600EF1872 /* Assets.xcassets */,
				05CB98DE2CE815F600EF1872 /* Info.plist */,
				054E6B8A2D090A04006C0491 /* gameData.txt */,
			);
			path = HighScore;
			sourceTree = "<group>";
		};
		05FFE05C2CED582800DDAF65 /* Models */ = {
			isa = PBXGroup;
			children = (
				0545F1DA2D04F66900713E02 /* robotIdle.dae */,
				0545F1DC2D04F8A300713E02 /* robotDrill.dae */,
				0545F1D62D04F33600713E02 /* robotMove.dae */,
				056A2BAE2D013C05003DD649 /* rock.dae */,
				056A2B902D003195003DD649 /* grass.dae */,
				056A2B922D0031CF003DD649 /* water.dae */,
				05FFE0682CED861100DDAF65 /* stars.dae */,
				056A2BAA2D012A11003DD649 /* tree.dae */,
				0545F1D82D04F46000713E02 /* robot.dae */,
			);
			path = Models;
			sourceTree = "<group>";
		};
		05FFE0632CED7EB300DDAF65 /* Textures */ = {
			isa = PBXGroup;
			children = (
				0545F1B32D03C1EA00713E02 /* drillDiffuse.png */,
				0545F1B72D03C1EB00713E02 /* drillRough.png */,
				0545F1B22D03C1EA00713E02 /* Forward.png */,
				0545F1B42D03C1EA00713E02 /* Mining.png */,
				0545F1B12D03C1EA00713E02 /* Smiley.png */,
				0545F1B62D03C1EA00713E02 /* wheelDiffuse.png */,
				0545F1B52D03C1EA00713E02 /* wheelMetal.png */,
				056A2B9E2D00E9C7003DD649 /* darkWaterBig.png */,
				056A2B9F2D00E9C7003DD649 /* seamlessNoiseBig.png */,
				056A2B8E2D003123003DD649 /* grass.png */,
				05FFE0642CED7EBC00DDAF65 /* stars.png */,
				056A2BA82D012A0A003DD649 /* rockDirt.png */,
				056A2BAC2D012A16003DD649 /* tree.png */,
			);
			path = Textures;
			sourceTree = "<group>";
		};
/* End PBXGroup section */

/* Begin PBXNativeTarget section */
		05CB98CC2CE815F500EF1872 /* HighScore */ = {
			isa = PBXNativeTarget;
			buildConfigurationList = 05CB98E12CE815F600EF1872 /* Build configuration list for PBXNativeTarget "HighScore" */;
			buildPhases = (
				05CB98C92CE815F500EF1872 /* Sources */,
				05CB98CA2CE815F500EF1872 /* Frameworks */,
				05CB98CB2CE815F500EF1872 /* Resources */,
			);
			buildRules = (
			);
			dependencies = (
			);
			name = HighScore;
			productName = HighScore;
			productReference = 05CB98CD2CE815F500EF1872 /* HighScore.app */;
			productType = "com.apple.product-type.application";
		};
/* End PBXNativeTarget section */

/* Begin PBXProject section */
		05CB98C52CE815F500EF1872 /* Project object */ = {
			isa = PBXProject;
			attributes = {
				BuildIndependentTargetsInParallel = 1;
				LastSwiftUpdateCheck = 1540;
				LastUpgradeCheck = 1540;
				TargetAttributes = {
					05CB98CC2CE815F500EF1872 = {
						CreatedOnToolsVersion = 15.4;
					};
				};
			};
			buildConfigurationList = 05CB98C82CE815F500EF1872 /* Build configuration list for PBXProject "HighScore" */;
			compatibilityVersion = "Xcode 14.0";
			developmentRegion = en;
			hasScannedForEncodings = 0;
			knownRegions = (
				en,
				Base,
			);
			mainGroup = 05CB98C42CE815F500EF1872;
			productRefGroup = 05CB98CE2CE815F500EF1872 /* Products */;
			projectDirPath = "";
			projectRoot = "";
			targets = (
				05CB98CC2CE815F500EF1872 /* HighScore */,
			);
		};
/* End PBXProject section */

/* Begin PBXResourcesBuildPhase section */
		05CB98CB2CE815F500EF1872 /* Resources */ = {
			isa = PBXResourcesBuildPhase;
			buildActionMask = 2147483647;
			files = (
				056A2BA12D00E9C7003DD649 /* seamlessNoiseBig.png in Resources */,
				056A2B8F2D003123003DD649 /* grass.png in Resources */,
				056A2B912D003195003DD649 /* grass.dae in Resources */,
				0545F1B92D03C1EB00713E02 /* Forward.png in Resources */,
				056A2BAB2D012A11003DD649 /* tree.dae in Resources */,
				056A2BA02D00E9C7003DD649 /* darkWaterBig.png in Resources */,
				0545F1DB2D04F66900713E02 /* robotIdle.dae in Resources */,
				0545F1BC2D03C1EB00713E02 /* wheelMetal.png in Resources */,
				0545F1BD2D03C1EB00713E02 /* wheelDiffuse.png in Resources */,
				0545F1BB2D03C1EB00713E02 /* Mining.png in Resources */,
				0545F1D92D04F46000713E02 /* robot.dae in Resources */,
				05CB98DA2CE815F600EF1872 /* Assets.xcassets in Resources */,
				05CB98DD2CE815F600EF1872 /* Base in Resources */,
				0545F1D72D04F33600713E02 /* robotMove.dae in Resources */,
				054E6B8B2D090A04006C0491 /* gameData.txt in Resources */,
				056A2B932D0031CF003DD649 /* water.dae in Resources */,
				05CB98D82CE815F500EF1872 /* Base in Resources */,
				056A2BAF2D013C05003DD649 /* rock.dae in Resources */,
				056A2BA92D012A0B003DD649 /* rockDirt.png in Resources */,
				0545F1BA2D03C1EB00713E02 /* drillDiffuse.png in Resources */,
				0545F1BE2D03C1EB00713E02 /* drillRough.png in Resources */,
				056A2BAD2D012A16003DD649 /* tree.png in Resources */,
				0545F1DD2D04F8A300713E02 /* robotDrill.dae in Resources */,
				0545F1B82D03C1EB00713E02 /* Smiley.png in Resources */,
				05FFE0692CED861100DDAF65 /* stars.dae in Resources */,
				05FFE0652CED7EBC00DDAF65 /* stars.png in Resources */,
			);
			runOnlyForDeploymentPostprocessing = 0;
		};
/* End PBXResourcesBuildPhase section */

/* Begin PBXSourcesBuildPhase section */
		05CB98C92CE815F500EF1872 /* Sources */ = {
			isa = PBXSourcesBuildPhase;
			buildActionMask = 2147483647;
			files = (
				05FFE05B2CE81CB000DDAF65 /* GameViewController.swift in Sources */,
				056A2B952D00DCC0003DD649 /* levelClass.swift in Sources */,
				05CB98D12CE815F500EF1872 /* AppDelegate.swift in Sources */,
				05CB98D32CE815F500EF1872 /* SceneDelegate.swift in Sources */,
				056A2B982D00DD26003DD649 /* gameProtocols.swift in Sources */,
				056A2B9A2D00DD37003DD649 /* gameClasses.swift in Sources */,
				056A2B9D2D00E3F4003DD649 /* SCNVector3Extensions.swift in Sources */,
			);
			runOnlyForDeploymentPostprocessing = 0;
		};
/* End PBXSourcesBuildPhase section */

/* Begin PBXVariantGroup section */
		05CB98D62CE815F500EF1872 /* Main.storyboard */ = {
			isa = PBXVariantGroup;
			children = (
				05CB98D72CE815F500EF1872 /* Base */,
			);
			name = Main.storyboard;
			sourceTree = "<group>";
		};
		05CB98DB2CE815F600EF1872 /* LaunchScreen.storyboard */ = {
			isa = PBXVariantGroup;
			children = (
				05CB98DC2CE815F600EF1872 /* Base */,
			);
			name = LaunchScreen.storyboard;
			sourceTree = "<group>";
		};
/* End PBXVariantGroup section */

/* Begin XCBuildConfiguration section */
		05CB98DF2CE815F600EF1872 /* Debug */ = {
			isa = XCBuildConfiguration;
			buildSettings = {
				ALWAYS_SEARCH_USER_PATHS = NO;
				ASSETCATALOG_COMPILER_GENERATE_SWIFT_ASSET_SYMBOL_EXTENSIONS = YES;
				CLANG_ANALYZER_NONNULL = YES;
				CLANG_ANALYZER_NUMBER_OBJECT_CONVERSION = YES_AGGRESSIVE;
				CLANG_CXX_LANGUAGE_STANDARD = "gnu++20";
				CLANG_ENABLE_MODULES = YES;
				CLANG_ENABLE_OBJC_ARC = YES;
				CLANG_ENABLE_OBJC_WEAK = YES;
				CLANG_WARN_BLOCK_CAPTURE_AUTORELEASING = YES;
				CLANG_WARN_BOOL_CONVERSION = YES;
				CLANG_WARN_COMMA = YES;
				CLANG_WARN_CONSTANT_CONVERSION = YES;
				CLANG_WARN_DEPRECATED_OBJC_IMPLEMENTATIONS = YES;
				CLANG_WARN_DIRECT_OBJC_ISA_USAGE = YES_ERROR;
				CLANG_WARN_DOCUMENTATION_COMMENTS = YES;
				CLANG_WARN_EMPTY_BODY = YES;
				CLANG_WARN_ENUM_CONVERSION = YES;
				CLANG_WARN_INFINITE_RECURSION = YES;
				CLANG_WARN_INT_CONVERSION = YES;
				CLANG_WARN_NON_LITERAL_NULL_CONVERSION = YES;
				CLANG_WARN_OBJC_IMPLICIT_RETAIN_SELF = YES;
				CLANG_WARN_OBJC_LITERAL_CONVERSION = YES;
				CLANG_WARN_OBJC_ROOT_CLASS = YES_ERROR;
				CLANG_WARN_QUOTED_INCLUDE_IN_FRAMEWORK_HEADER = YES;
				CLANG_WARN_RANGE_LOOP_ANALYSIS = YES;
				CLANG_WARN_STRICT_PROTOTYPES = YES;
				CLANG_WARN_SUSPICIOUS_MOVE = YES;
				CLANG_WARN_UNGUARDED_AVAILABILITY = YES_AGGRESSIVE;
				CLANG_WARN_UNREACHABLE_CODE = YES;
				CLANG_WARN__DUPLICATE_METHOD_MATCH = YES;
				COPY_PHASE_STRIP = NO;
				DEBUG_INFORMATION_FORMAT = dwarf;
				ENABLE_STRICT_OBJC_MSGSEND = YES;
				ENABLE_TESTABILITY = YES;
				ENABLE_USER_SCRIPT_SANDBOXING = YES;
				GCC_C_LANGUAGE_STANDARD = gnu17;
				GCC_DYNAMIC_NO_PIC = NO;
				GCC_NO_COMMON_BLOCKS = YES;
				GCC_OPTIMIZATION_LEVEL = 0;
				GCC_PREPROCESSOR_DEFINITIONS = (
					"DEBUG=1",
					"$(inherited)",
				);
				GCC_WARN_64_TO_32_BIT_CONVERSION = YES;
				GCC_WARN_ABOUT_RETURN_TYPE = YES_ERROR;
				GCC_WARN_UNDECLARED_SELECTOR = YES;
				GCC_WARN_UNINITIALIZED_AUTOS = YES_AGGRESSIVE;
				GCC_WARN_UNUSED_FUNCTION = YES;
				GCC_WARN_UNUSED_VARIABLE = YES;
				IPHONEOS_DEPLOYMENT_TARGET = 17.5;
				LOCALIZATION_PREFERS_STRING_CATALOGS = YES;
				MTL_ENABLE_DEBUG_INFO = INCLUDE_SOURCE;
				MTL_FAST_MATH = YES;
				ONLY_ACTIVE_ARCH = YES;
				SDKROOT = iphoneos;
				SWIFT_ACTIVE_COMPILATION_CONDITIONS = "DEBUG $(inherited)";
				SWIFT_OPTIMIZATION_LEVEL = "-Onone";
			};
			name = Debug;
		};
		05CB98E02CE815F600EF1872 /* Release */ = {
			isa = XCBuildConfiguration;
			buildSettings = {
				ALWAYS_SEARCH_USER_PATHS = NO;
				ASSETCATALOG_COMPILER_GENERATE_SWIFT_ASSET_SYMBOL_EXTENSIONS = YES;
				CLANG_ANALYZER_NONNULL = YES;
				CLANG_ANALYZER_NUMBER_OBJECT_CONVERSION = YES_AGGRESSIVE;
				CLANG_CXX_LANGUAGE_STANDARD = "gnu++20";
				CLANG_ENABLE_MODULES = YES;
				CLANG_ENABLE_OBJC_ARC = YES;
				CLANG_ENABLE_OBJC_WEAK = YES;
				CLANG_WARN_BLOCK_CAPTURE_AUTORELEASING = YES;
				CLANG_WARN_BOOL_CONVERSION = YES;
				CLANG_WARN_COMMA = YES;
				CLANG_WARN_CONSTANT_CONVERSION = YES;
				CLANG_WARN_DEPRECATED_OBJC_IMPLEMENTATIONS = YES;
				CLANG_WARN_DIRECT_OBJC_ISA_USAGE = YES_ERROR;
				CLANG_WARN_DOCUMENTATION_COMMENTS = YES;
				CLANG_WARN_EMPTY_BODY = YES;
				CLANG_WARN_ENUM_CONVERSION = YES;
				CLANG_WARN_INFINITE_RECURSION = YES;
				CLANG_WARN_INT_CONVERSION = YES;
				CLANG_WARN_NON_LITERAL_NULL_CONVERSION = YES;
				CLANG_WARN_OBJC_IMPLICIT_RETAIN_SELF = YES;
				CLANG_WARN_OBJC_LITERAL_CONVERSION = YES;
				CLANG_WARN_OBJC_ROOT_CLASS = YES_ERROR;
				CLANG_WARN_QUOTED_INCLUDE_IN_FRAMEWORK_HEADER = YES;
				CLANG_WARN_RANGE_LOOP_ANALYSIS = YES;
				CLANG_WARN_STRICT_PROTOTYPES = YES;
				CLANG_WARN_SUSPICIOUS_MOVE = YES;
				CLANG_WARN_UNGUARDED_AVAILABILITY = YES_AGGRESSIVE;
				CLANG_WARN_UNREACHABLE_CODE = YES;
				CLANG_WARN__DUPLICATE_METHOD_MATCH = YES;
				COPY_PHASE_STRIP = NO;
				DEBUG_INFORMATION_FORMAT = "dwarf-with-dsym";
				ENABLE_NS_ASSERTIONS = NO;
				ENABLE_STRICT_OBJC_MSGSEND = YES;
				ENABLE_USER_SCRIPT_SANDBOXING = YES;
				GCC_C_LANGUAGE_STANDARD = gnu17;
				GCC_NO_COMMON_BLOCKS = YES;
				GCC_WARN_64_TO_32_BIT_CONVERSION = YES;
				GCC_WARN_ABOUT_RETURN_TYPE = YES_ERROR;
				GCC_WARN_UNDECLARED_SELECTOR = YES;
				GCC_WARN_UNINITIALIZED_AUTOS = YES_AGGRESSIVE;
				GCC_WARN_UNUSED_FUNCTION = YES;
				GCC_WARN_UNUSED_VARIABLE = YES;
				IPHONEOS_DEPLOYMENT_TARGET = 17.5;
				LOCALIZATION_PREFERS_STRING_CATALOGS = YES;
				MTL_ENABLE_DEBUG_INFO = NO;
				MTL_FAST_MATH = YES;
				SDKROOT = iphoneos;
				SWIFT_COMPILATION_MODE = wholemodule;
				VALIDATE_PRODUCT = YES;
			};
			name = Release;
		};
		05CB98E22CE815F600EF1872 /* Debug */ = {
			isa = XCBuildConfiguration;
			buildSettings = {
				ASSETCATALOG_COMPILER_APPICON_NAME = AppIcon;
				ASSETCATALOG_COMPILER_GLOBAL_ACCENT_COLOR_NAME = AccentColor;
				CODE_SIGN_STYLE = Automatic;
				CURRENT_PROJECT_VERSION = 1;
				DEVELOPMENT_TEAM = 2M22C9FTF9;
				GENERATE_INFOPLIST_FILE = YES;
				INFOPLIST_FILE = HighScore/Info.plist;
				INFOPLIST_KEY_UIApplicationSupportsIndirectInputEvents = YES;
				INFOPLIST_KEY_UILaunchStoryboardName = LaunchScreen;
				INFOPLIST_KEY_UIMainStoryboardFile = Main;
				INFOPLIST_KEY_UISupportedInterfaceOrientations_iPad = "UIInterfaceOrientationPortrait UIInterfaceOrientationPortraitUpsideDown UIInterfaceOrientationLandscapeLeft UIInterfaceOrientationLandscapeRight";
				INFOPLIST_KEY_UISupportedInterfaceOrientations_iPhone = "UIInterfaceOrientationPortrait UIInterfaceOrientationLandscapeLeft UIInterfaceOrientationLandscapeRight";
				IPHONEOS_DEPLOYMENT_TARGET = 17.4;
				LD_RUNPATH_SEARCH_PATHS = (
					"$(inherited)",
					"@executable_path/Frameworks",
				);
				MARKETING_VERSION = 1.0;
				PRODUCT_BUNDLE_IDENTIFIER = com.StephenSears.HighScore;
				PRODUCT_NAME = "$(TARGET_NAME)";
				SWIFT_EMIT_LOC_STRINGS = YES;
				SWIFT_VERSION = 5.0;
				TARGETED_DEVICE_FAMILY = "1,2";
			};
			name = Debug;
		};
		05CB98E32CE815F600EF1872 /* Release */ = {
			isa = XCBuildConfiguration;
			buildSettings = {
				ASSETCATALOG_COMPILER_APPICON_NAME = AppIcon;
				ASSETCATALOG_COMPILER_GLOBAL_ACCENT_COLOR_NAME = AccentColor;
				CODE_SIGN_STYLE = Automatic;
				CURRENT_PROJECT_VERSION = 1;
				DEVELOPMENT_TEAM = 2M22C9FTF9;
				GENERATE_INFOPLIST_FILE = YES;
				INFOPLIST_FILE = HighScore/Info.plist;
				INFOPLIST_KEY_UIApplicationSupportsIndirectInputEvents = YES;
				INFOPLIST_KEY_UILaunchStoryboardName = LaunchScreen;
				INFOPLIST_KEY_UIMainStoryboardFile = Main;
				INFOPLIST_KEY_UISupportedInterfaceOrientations_iPad = "UIInterfaceOrientationPortrait UIInterfaceOrientationPortraitUpsideDown UIInterfaceOrientationLandscapeLeft UIInterfaceOrientationLandscapeRight";
				INFOPLIST_KEY_UISupportedInterfaceOrientations_iPhone = "UIInterfaceOrientationPortrait UIInterfaceOrientationLandscapeLeft UIInterfaceOrientationLandscapeRight";
				IPHONEOS_DEPLOYMENT_TARGET = 17.4;
				LD_RUNPATH_SEARCH_PATHS = (
					"$(inherited)",
					"@executable_path/Frameworks",
				);
				MARKETING_VERSION = 1.0;
				PRODUCT_BUNDLE_IDENTIFIER = com.StephenSears.HighScore;
				PRODUCT_NAME = "$(TARGET_NAME)";
				SWIFT_EMIT_LOC_STRINGS = YES;
				SWIFT_VERSION = 5.0;
				TARGETED_DEVICE_FAMILY = "1,2";
			};
			name = Release;
		};
/* End XCBuildConfiguration section */

/* Begin XCConfigurationList section */
		05CB98C82CE815F500EF1872 /* Build configuration list for PBXProject "HighScore" */ = {
			isa = XCConfigurationList;
			buildConfigurations = (
				05CB98DF2CE815F600EF1872 /* Debug */,
				05CB98E02CE815F600EF1872 /* Release */,
			);
			defaultConfigurationIsVisible = 0;
			defaultConfigurationName = Release;
		};
		05CB98E12CE815F600EF1872 /* Build configuration list for PBXNativeTarget "HighScore" */ = {
			isa = XCConfigurationList;
			buildConfigurations = (
				05CB98E22CE815F600EF1872 /* Debug */,
				05CB98E32CE815F600EF1872 /* Release */,
			);
			defaultConfigurationIsVisible = 0;
			defaultConfigurationName = Release;
		};
/* End XCConfigurationList section */
	};
	rootObject = 05CB98C52CE815F500EF1872 /* Project object */;
}
